// !$*UTF8*$!
{
	archiveVersion = 1;
	classes = {
	};
	objectVersion = 50;
	objects = {

/* Begin PBXBuildFile section */
		5CC3BEB0221326450033B0EA /* Helper.swift in Sources */ = {isa = PBXBuildFile; fileRef = 5CC3BEAA221326440033B0EA /* Helper.swift */; };
		5CC3BEB1221326450033B0EA /* Customer.swift in Sources */ = {isa = PBXBuildFile; fileRef = 5CC3BEAB221326450033B0EA /* Customer.swift */; };
		5CC3BEB2221326450033B0EA /* Order.swift in Sources */ = {isa = PBXBuildFile; fileRef = 5CC3BEAC221326450033B0EA /* Order.swift */; };
		5CC3BEB3221326450033B0EA /* Pricelist.swift in Sources */ = {isa = PBXBuildFile; fileRef = 5CC3BEAD221326450033B0EA /* Pricelist.swift */; };
		5CC3BEB4221326450033B0EA /* Stores.swift in Sources */ = {isa = PBXBuildFile; fileRef = 5CC3BEAE221326450033B0EA /* Stores.swift */; };
		5CC3BEBA2213281B0033B0EA /* main.swift in Sources */ = {isa = PBXBuildFile; fileRef = 5CC3BEB92213281A0033B0EA /* main.swift */; };
/* End PBXBuildFile section */

/* Begin PBXCopyFilesBuildPhase section */
		5CC3BE9D221325690033B0EA /* CopyFiles */ = {
			isa = PBXCopyFilesBuildPhase;
			buildActionMask = 2147483647;
			dstPath = /usr/share/man/man1/;
			dstSubfolderSpec = 0;
			files = (
			);
			runOnlyForDeploymentPostprocessing = 1;
		};
/* End PBXCopyFilesBuildPhase section */

/* Begin PBXFileReference section */
		5CC3BE9F2213256A0033B0EA /* ReallyWWW */ = {isa = PBXFileReference; explicitFileType = "compiled.mach-o.executable"; includeInIndex = 0; path = ReallyWWW; sourceTree = BUILT_PRODUCTS_DIR; };
		5CC3BEAA221326440033B0EA /* Helper.swift */ = {isa = PBXFileReference; fileEncoding = 4; lastKnownFileType = sourcecode.swift; path = Helper.swift; sourceTree = "<group>"; };
		5CC3BEAB221326450033B0EA /* Customer.swift */ = {isa = PBXFileReference; fileEncoding = 4; lastKnownFileType = sourcecode.swift; path = Customer.swift; sourceTree = "<group>"; };
		5CC3BEAC221326450033B0EA /* Order.swift */ = {isa = PBXFileReference; fileEncoding = 4; lastKnownFileType = sourcecode.swift; path = Order.swift; sourceTree = "<group>"; };
		5CC3BEAD221326450033B0EA /* Pricelist.swift */ = {isa = PBXFileReference; fileEncoding = 4; lastKnownFileType = sourcecode.swift; path = Pricelist.swift; sourceTree = "<group>"; };
		5CC3BEAE221326450033B0EA /* Stores.swift */ = {isa = PBXFileReference; fileEncoding = 4; lastKnownFileType = sourcecode.swift; path = Stores.swift; sourceTree = "<group>"; };
		5CC3BEB92213281A0033B0EA /* main.swift */ = {isa = PBXFileReference; fileEncoding = 4; lastKnownFileType = sourcecode.swift; path = main.swift; sourceTree = "<group>"; };
/* End PBXFileReference section */

/* Begin PBXFrameworksBuildPhase section */
		5CC3BE9C221325690033B0EA /* Frameworks */ = {
			isa = PBXFrameworksBuildPhase;
			buildActionMask = 2147483647;
			files = (
			);
			runOnlyForDeploymentPostprocessing = 0;
		};
/* End PBXFrameworksBuildPhase section */

/* Begin PBXGroup section */
		5CC3BE96221325690033B0EA = {
			isa = PBXGroup;
			children = (
				5CC3BEA12213256A0033B0EA /* ReallyWWW */,
				5CC3BEA02213256A0033B0EA /* Products */,
			);
			sourceTree = "<group>";
		};
		5CC3BEA02213256A0033B0EA /* Products */ = {
			isa = PBXGroup;
			children = (
				5CC3BE9F2213256A0033B0EA /* ReallyWWW */,
			);
			name = Products;
			sourceTree = "<group>";
		};
		5CC3BEA12213256A0033B0EA /* ReallyWWW */ = {
			isa = PBXGroup;
			children = (
				5CC3BEB92213281A0033B0EA /* main.swift */,
				5CC3BEAB221326450033B0EA /* Customer.swift */,
				5CC3BEAA221326440033B0EA /* Helper.swift */,
				5CC3BEAC221326450033B0EA /* Order.swift */,
				5CC3BEAD221326450033B0EA /* Pricelist.swift */,
				5CC3BEAE221326450033B0EA /* Stores.swift */,
			);
			path = ReallyWWW;
			sourceTree = "<group>";
		};
/* End PBXGroup section */

/* Begin PBXNativeTarget section */
		5CC3BE9E221325690033B0EA /* ReallyWWW */ = {
			isa = PBXNativeTarget;
			buildConfigurationList = 5CC3BEA62213256A0033B0EA /* Build configuration list for PBXNativeTarget "ReallyWWW" */;
			buildPhases = (
				5CC3BE9B221325690033B0EA /* Sources */,
				5CC3BE9C221325690033B0EA /* Frameworks */,
				5CC3BE9D221325690033B0EA /* CopyFiles */,
			);
			buildRules = (
			);
			dependencies = (
			);
			name = ReallyWWW;
			productName = ReallyWWW;
			productReference = 5CC3BE9F2213256A0033B0EA /* ReallyWWW */;
			productType = "com.apple.product-type.tool";
		};
/* End PBXNativeTarget section */

/* Begin PBXProject section */
		5CC3BE97221325690033B0EA /* Project object */ = {
			isa = PBXProject;
			attributes = {
				LastSwiftUpdateCheck = 1010;
				LastUpgradeCheck = 1010;
				ORGANIZATIONNAME = "Our Group";
				TargetAttributes = {
					5CC3BE9E221325690033B0EA = {
						CreatedOnToolsVersion = 10.1;
					};
				};
			};
			buildConfigurationList = 5CC3BE9A221325690033B0EA /* Build configuration list for PBXProject "ReallyWWW" */;
			compatibilityVersion = "Xcode 9.3";
			developmentRegion = en;
			hasScannedForEncodings = 0;
			knownRegions = (
				en,
			);
			mainGroup = 5CC3BE96221325690033B0EA;
			productRefGroup = 5CC3BEA02213256A0033B0EA /* Products */;
			projectDirPath = "";
			projectRoot = "";
			targets = (
				5CC3BE9E221325690033B0EA /* ReallyWWW */,
			);
		};
/* End PBXProject section */

/* Begin PBXSourcesBuildPhase section */
		5CC3BE9B221325690033B0EA /* Sources */ = {
			isa = PBXSourcesBuildPhase;
			buildActionMask = 2147483647;
			files = (
				5CC3BEB4221326450033B0EA /* Stores.swift in Sources */,
				5CC3BEB2221326450033B0EA /* Order.swift in Sources */,
				5CC3BEBA2213281B0033B0EA /* main.swift in Sources */,
				5CC3BEB0221326450033B0EA /* Helper.swift in Sources */,
				5CC3BEB1221326450033B0EA /* Customer.swift in Sources */,
				5CC3BEB3221326450033B0EA /* Pricelist.swift in Sources */,
			);
			runOnlyForDeploymentPostprocessing = 0;
		};
/* End PBXSourcesBuildPhase section */

/* Begin XCBuildConfiguration section */
		5CC3BEA42213256A0033B0EA /* Debug */ = {
			isa = XCBuildConfiguration;
			buildSettings = {
				ALWAYS_SEARCH_USER_PATHS = NO;
				CLANG_ANALYZER_NONNULL = YES;
				CLANG_ANALYZER_NUMBER_OBJECT_CONVERSION = YES_AGGRESSIVE;
				CLANG_CXX_LANGUAGE_STANDARD = "gnu++14";
				CLANG_CXX_LIBRARY = "libc++";
				CLANG_ENABLE_MODULES = YES;
				CLANG_ENABLE_OBJC_ARC = YES;
				CLANG_ENABLE_OBJC_WEAK = YES;
				CLANG_WARN_BLOCK_CAPTURE_AUTORELEASING = YES;
				CLANG_WARN_BOOL_CONVERSION = YES;
				CLANG_WARN_COMMA = YES;
				CLANG_WARN_CONSTANT_CONVERSION = YES;
				CLANG_WARN_DEPRECATED_OBJC_IMPLEMENTATIONS = YES;
				CLANG_WARN_DIRECT_OBJC_ISA_USAGE = YES_ERROR;
				CLANG_WARN_DOCUMENTATION_COMMENTS = YES;
				CLANG_WARN_EMPTY_BODY = YES;
				CLANG_WARN_ENUM_CONVERSION = YES;
				CLANG_WARN_INFINITE_RECURSION = YES;
				CLANG_WARN_INT_CONVERSION = YES;
				CLANG_WARN_NON_LITERAL_NULL_CONVERSION = YES;
				CLANG_WARN_OBJC_IMPLICIT_RETAIN_SELF = YES;
				CLANG_WARN_OBJC_LITERAL_CONVERSION = YES;
				CLANG_WARN_OBJC_ROOT_CLASS = YES_ERROR;
				CLANG_WARN_RANGE_LOOP_ANALYSIS = YES;
				CLANG_WARN_STRICT_PROTOTYPES = YES;
				CLANG_WARN_SUSPICIOUS_MOVE = YES;
				CLANG_WARN_UNGUARDED_AVAILABILITY = YES_AGGRESSIVE;
				CLANG_WARN_UNREACHABLE_CODE = YES;
				CLANG_WARN__DUPLICATE_METHOD_MATCH = YES;
				CODE_SIGN_IDENTITY = "-";
				COPY_PHASE_STRIP = NO;
				DEBUG_INFORMATION_FORMAT = dwarf;
				ENABLE_STRICT_OBJC_MSGSEND = YES;
				ENABLE_TESTABILITY = YES;
				GCC_C_LANGUAGE_STANDARD = gnu11;
				GCC_DYNAMIC_NO_PIC = NO;
				GCC_NO_COMMON_BLOCKS = YES;
				GCC_OPTIMIZATION_LEVEL = 0;
				GCC_PREPROCESSOR_DEFINITIONS = (
					"DEBUG=1",
					"$(inherited)",
				);
				GCC_WARN_64_TO_32_BIT_CONVERSION = YES;
				GCC_WARN_ABOUT_RETURN_TYPE = YES_ERROR;
				GCC_WARN_UNDECLARED_SELECTOR = YES;
				GCC_WARN_UNINITIALIZED_AUTOS = YES_AGGRESSIVE;
				GCC_WARN_UNUSED_FUNCTION = YES;
				GCC_WARN_UNUSED_VARIABLE = YES;
				MACOSX_DEPLOYMENT_TARGET = 10.14;
				MTL_ENABLE_DEBUG_INFO = INCLUDE_SOURCE;
				MTL_FAST_MATH = YES;
				ONLY_ACTIVE_ARCH = YES;
				SDKROOT = macosx;
				SWIFT_ACTIVE_COMPILATION_CONDITIONS = DEBUG;
				SWIFT_OPTIMIZATION_LEVEL = "-Onone";
			};
			name = Debug;
		};
		5CC3BEA52213256A0033B0EA /* Release */ = {
			isa = XCBuildConfiguration;
			buildSettings = {
				ALWAYS_SEARCH_USER_PATHS = NO;
				CLANG_ANALYZER_NONNULL = YES;
				CLANG_ANALYZER_NUMBER_OBJECT_CONVERSION = YES_AGGRESSIVE;
				CLANG_CXX_LANGUAGE_STANDARD = "gnu++14";
				CLANG_CXX_LIBRARY = "libc++";
				CLANG_ENABLE_MODULES = YES;
				CLANG_ENABLE_OBJC_ARC = YES;
				CLANG_ENABLE_OBJC_WEAK = YES;
				CLANG_WARN_BLOCK_CAPTURE_AUTORELEASING = YES;
				CLANG_WARN_BOOL_CONVERSION = YES;
				CLANG_WARN_COMMA = YES;
				CLANG_WARN_CONSTANT_CONVERSION = YES;
				CLANG_WARN_DEPRECATED_OBJC_IMPLEMENTATIONS = YES;
				CLANG_WARN_DIRECT_OBJC_ISA_USAGE = YES_ERROR;
				CLANG_WARN_DOCUMENTATION_COMMENTS = YES;
				CLANG_WARN_EMPTY_BODY = YES;
				CLANG_WARN_ENUM_CONVERSION = YES;
				CLANG_WARN_INFINITE_RECURSION = YES;
				CLANG_WARN_INT_CONVERSION = YES;
				CLANG_WARN_NON_LITERAL_NULL_CONVERSION = YES;
				CLANG_WARN_OBJC_IMPLICIT_RETAIN_SELF = YES;
				CLANG_WARN_OBJC_LITERAL_CONVERSION = YES;
				CLANG_WARN_OBJC_ROOT_CLASS = YES_ERROR;
				CLANG_WARN_RANGE_LOOP_ANALYSIS = YES;
				CLANG_WARN_STRICT_PROTOTYPES = YES;
				CLANG_WARN_SUSPICIOUS_MOVE = YES;
				CLANG_WARN_UNGUARDED_AVAILABILITY = YES_AGGRESSIVE;
				CLANG_WARN_UNREACHABLE_CODE = YES;
				CLANG_WARN__DUPLICATE_METHOD_MATCH = YES;
				CODE_SIGN_IDENTITY = "-";
				COPY_PHASE_STRIP = NO;
				DEBUG_INFORMATION_FORMAT = "dwarf-with-dsym";
				ENABLE_NS_ASSERTIONS = NO;
				ENABLE_STRICT_OBJC_MSGSEND = YES;
				GCC_C_LANGUAGE_STANDARD = gnu11;
				GCC_NO_COMMON_BLOCKS = YES;
				GCC_WARN_64_TO_32_BIT_CONVERSION = YES;
				GCC_WARN_ABOUT_RETURN_TYPE = YES_ERROR;
				GCC_WARN_UNDECLARED_SELECTOR = YES;
				GCC_WARN_UNINITIALIZED_AUTOS = YES_AGGRESSIVE;
				GCC_WARN_UNUSED_FUNCTION = YES;
				GCC_WARN_UNUSED_VARIABLE = YES;
				MACOSX_DEPLOYMENT_TARGET = 10.14;
				MTL_ENABLE_DEBUG_INFO = NO;
				MTL_FAST_MATH = YES;
				SDKROOT = macosx;
				SWIFT_COMPILATION_MODE = wholemodule;
				SWIFT_OPTIMIZATION_LEVEL = "-O";
			};
			name = Release;
		};
		5CC3BEA72213256A0033B0EA /* Debug */ = {
			isa = XCBuildConfiguration;
			buildSettings = {
				CODE_SIGN_STYLE = Automatic;
				PRODUCT_NAME = "$(TARGET_NAME)";
				SWIFT_VERSION = 4.2;
			};
			name = Debug;
		};
		5CC3BEA82213256A0033B0EA /* Release */ = {
			isa = XCBuildConfiguration;
			buildSettings = {
				CODE_SIGN_STYLE = Automatic;
				PRODUCT_NAME = "$(TARGET_NAME)";
				SWIFT_VERSION = 4.2;
			};
			name = Release;
		};
/* End XCBuildConfiguration section */

/* Begin XCConfigurationList section */
		5CC3BE9A221325690033B0EA /* Build configuration list for PBXProject "ReallyWWW" */ = {
			isa = XCConfigurationList;
			buildConfigurations = (
				5CC3BEA42213256A0033B0EA /* Debug */,
				5CC3BEA52213256A0033B0EA /* Release */,
			);
			defaultConfigurationIsVisible = 0;
			defaultConfigurationName = Release;
		};
		5CC3BEA62213256A0033B0EA /* Build configuration list for PBXNativeTarget "ReallyWWW" */ = {
			isa = XCConfigurationList;
			buildConfigurations = (
				5CC3BEA72213256A0033B0EA /* Debug */,
				5CC3BEA82213256A0033B0EA /* Release */,
			);
			defaultConfigurationIsVisible = 0;
			defaultConfigurationName = Release;
		};
/* End XCConfigurationList section */
	};
	rootObject = 5CC3BE97221325690033B0EA /* Project object */;
}
